{
    "_meta": {
        "hash": {
            "sha256": "fdcc2f22d1aabd45c9c6e3bde98508bc2ed8fe7518250204db8936cda8e17109"
        },
        "pipfile-spec": 6,
        "requires": {
            "python_version": "3.6"
        },
        "sources": [
            {
                "name": "pypi",
                "url": "https://pypi.org/simple",
                "verify_ssl": true
            }
        ]
    },
    "default": {
        "astroid": {
            "hashes": [
                "sha256:a92c1197dd496ef2470e73e1c296fc02a719907ee07259744e26a13bda9d4862",
                "sha256:b76e5109ff0f386dd229673ca1323d21b1e9bb9c38eaed2cf830882dd7628be2"
            ],
            "index": "pypi",
            "version": "==1.6.2"
        },
        "boto3": {
            "hashes": [
                "sha256:ac5c194a2b03676f9a3435b8a4ee168285fc1fc1037e6c6a641f654a12724995",
                "sha256:e76a1c6ef70ac39dc5e58c87e2985034362d0294c8c0676243db46efa1801c1a"
            ],
            "index": "pypi",
            "version": "==1.5.26"
        },
        "botocore": {
            "hashes": [
                "sha256:83197c3eb264b202109c65e4403442252938fbc99a28e44de8f76d27a7e73ea8",
                "sha256:a80f926d0b5d0c60107b95f03ad946716620b733469d9ec5e976dd81363988d6"
            ],
            "index": "pypi",
            "version": "==1.8.40"
        },
        "colorama": {
            "hashes": [
                "sha256:463f8483208e921368c9f306094eb6f725c6ca42b0f97e313cb5d5512459feda",
                "sha256:48eb22f4f8461b1df5734a074b57042430fb06e1d61bd1e11b078c0fe6d7a1f1"
            ],
            "index": "pypi",
            "version": "==0.3.9"
        },
        "dj-database-url": {
            "hashes": [
                "sha256:a6832d8445ee9d788c5baa48aef8130bf61fdc442f7d9a548424d25cd85c9f08",
                "sha256:e16d94c382ea0564c48038fa7fe8d9c890ef1ab1a8ec4cb48e732c124b9482fd"
            ],
            "index": "pypi",
            "version": "==0.4.2"
        },
        "django": {
            "hashes": [
                "sha256:0a73696e0ac71ee6177103df984f9c1e07cd297f080f8ec4dc7c6f3fb74395b5",
                "sha256:43a99da08fee329480d27860d68279945b7d8bf7b537388ee2c8938c709b2041"
            ],
            "index": "pypi",
            "version": "==1.11.20"
        },
        "django-appconf": {
            "hashes": [
                "sha256:6a4d9aea683b4c224d97ab8ee11ad2d29a37072c0c6c509896dd9857466fb261",
                "sha256:ddab987d14b26731352c01ee69c090a4ebfc9141ed223bef039d79587f22acd9"
            ],
            "index": "pypi",
            "version": "==1.0.2"
        },
        "django-avatar": {
            "hashes": [
                "sha256:0e31205e186e15bba41ea5d3261fc4f011fbf926cce2699f2ae90931979b9596"
            ],
            "index": "pypi",
            "version": "==4.0.0"
        },
        "django-ckeditor": {
            "hashes": [
                "sha256:66f20747e75c50a79f6e204a41bfaa530e865b7f0898d4de124a3bf0645536a2"
            ],
            "index": "pypi",
            "version": "==5.3.0"
        },
        "django-countries": {
            "hashes": [
                "sha256:56ea197b4ed9dca1e1044f4f0d1509612a9715a167e1eea8f79a8f5a7848caf8",
                "sha256:a56707b5bd3d13d50177b4f1dbd650a40734698bf4693965b805c86d2d9fbb45"
            ],
            "index": "pypi",
            "version": "==4.6.1"
        },
        "django-debug-toolbar": {
            "hashes": [
                "sha256:4af2a4e1e932dadbda197b18585962d4fc20172b4e5a479490bc659fe998864d",
                "sha256:d9ea75659f76d8f1e3eb8f390b47fc5bad0908d949c34a8a3c4c87978eb40a0f"
            ],
            "index": "pypi",
            "version": "==1.9.1"
        },
        "django-filter": {
            "hashes": [
                "sha256:ea204242ea83790e1512c9d0d8255002a652a6f4986e93cee664f28955ba0c22",
                "sha256:ec0ef1ba23ef95b1620f5d481334413700fb33f45cd76d56a63f4b0b1d76976a"
            ],
            "index": "pypi",
            "version": "==1.1.0"
        },
        "django-js-asset": {
            "hashes": [
                "sha256:0dd2c5f64f2b24eb8a7270a6a59cb914a03f205335bd0eb6207bf61cf7410828",
                "sha256:c6637e4f3fef12024564057a48bef484db6491c610273d76d25d8dbe6ecc4ac1"
            ],
            "index": "pypi",
            "version": "==0.1.1"
        },
        "django-lockdown": {
            "hashes": [
                "sha256:2c3cca7e26e2440d11ee1e7791d6366b034273b1e58377ed3a4c79b296d10c27",
                "sha256:ffcdaa4ec804eb7dfb9c8d14170af077e66d32f7c5db686975b97615df2ea738"
            ],
            "index": "pypi",
            "version": "==1.5.0"
        },
        "django-money": {
            "hashes": [
                "sha256:853af2cc3903678377ea3b31add91523225600a47659536004b7baca7d84db6e",
                "sha256:a034ae042d92926292afe85b20e36b7840e23247d7aa435c57e2db0c24e9870e"
            ],
            "index": "pypi",
            "version": "==0.11.4"
        },
        "django-smart-selects": {
            "hashes": [
                "sha256:f7ecf0bdae1a524ded733d6cbbddbc5ed3bf4c0eaa9543764bea3729e862716b"
            ],
            "index": "pypi",
            "version": "==1.5.2"
        },
        "django-storages": {
            "hashes": [
                "sha256:ab6be1538cf29511400bce83d0e5ca74d2e935cad82086063bcf5e7edacc1661",
                "sha256:bc8e4c1f483608c5dd1212072fd41042f3ef2d2a2896ec4fb12dbc62c82996a0"
            ],
            "index": "pypi",
            "version": "==1.6.5"
        },
        "django-user-agents": {
            "hashes": [
                "sha256:72b1d8f10eebf88c6c04548668ca06c3d4392b1de79dd2a5cf3da7bc5f3027b6",
                "sha256:c5d3d827ea86ed0971b7e344bf8f97ce46a41ccb3ab479c1aef12930bf6ac058"
            ],
            "index": "pypi",
            "version": "==0.3.2"
        },
        "django-widget-tweaks": {
            "hashes": [
                "sha256:0baee0b905286fde028fdbd0dd1d985d4656dab472b0fd4ca4cd556ee38a047e",
                "sha256:0e8e3b7ebd1aafb2250d0f7614cfbad27017b3c727858ee3aee23748dd1f147d"
            ],
            "index": "pypi",
            "version": "==1.4.1"
        },
        "djangorestframework": {
            "hashes": [
                "sha256:b6714c3e4b0f8d524f193c91ecf5f5450092c2145439ac2769711f7eba89a9d9",
                "sha256:c375e4f95a3a64fccac412e36fb42ba36881e52313ec021ef410b40f67cddca4"
            ],
            "index": "pypi",
            "version": "==3.8.2"
        },
        "docutils": {
            "hashes": [
                "sha256:02aec4bd92ab067f6ff27a38a38a41173bf01bed8f89157768c1573f53e474a6",
                "sha256:51e64ef2ebfb29cae1faa133b3710143496eca21c530f3f71424d77687764274",
                "sha256:7a4bd47eaf6596e1295ecb11361139febe29b084a87bf005bf899f9a42edc3c6"
            ],
            "index": "pypi",
            "version": "==0.14"
        },
        "easy-thumbnails": {
            "hashes": [
                "sha256:5cc51c6ec7de110355d0f8cd56c9ede6e2949e87c2fcb34bc864a20ecd424270",
                "sha256:6e41e70a182a6d00af9f3f3a6d1cc87cb7da060a3d56982da51d266e40fc9b59"
            ],
            "index": "pypi",
            "version": "==2.4.1"
        },
        "gunicorn": {
            "hashes": [
                "sha256:75af03c99389535f218cc596c7de74df4763803f7b63eb09d77e92b3956b36c6",
                "sha256:eee1169f0ca667be05db3351a0960765620dad53f53434262ff8901b68a1b622"
            ],
            "index": "pypi",
            "version": "==19.7.1"
        },
        "isort": {
            "hashes": [
                "sha256:1153601da39a25b14ddc54955dbbacbb6b2d19135386699e2ad58517953b34af",
                "sha256:b9c40e9750f3d77e6e4d441d8b0266cf555e7cdabdcff33c4fd06366ca761ef8",
                "sha256:ec9ef8f4a9bc6f71eec99e1806bfa2de401650d996c59330782b89a5555c1497"
            ],
            "index": "pypi",
            "version": "==4.3.4"
        },
        "jmespath": {
            "hashes": [
                "sha256:6a81d4c9aa62caf061cb517b4d9ad1dd300374cd4706997aff9cd6aedd61fc64",
                "sha256:f11b4461f425740a1d908e9a3f7365c3d2e569f6ca68a2ff8bc5bcd9676edd63"
            ],
            "index": "pypi",
            "version": "==0.9.3"
        },
        "lazy-object-proxy": {
            "hashes": [
                "sha256:0ce34342b419bd8f018e6666bfef729aec3edf62345a53b537a4dcc115746a33",
                "sha256:1b668120716eb7ee21d8a38815e5eb3bb8211117d9a90b0f8e21722c0758cc39",
                "sha256:209615b0fe4624d79e50220ce3310ca1a9445fd8e6d3572a896e7f9146bbf019",
                "sha256:27bf62cb2b1a2068d443ff7097ee33393f8483b570b475db8ebf7e1cba64f088",
                "sha256:27ea6fd1c02dcc78172a82fc37fcc0992a94e4cecf53cb6d73f11749825bd98b",
                "sha256:2c1b21b44ac9beb0fc848d3993924147ba45c4ebc24be19825e57aabbe74a99e",
                "sha256:2df72ab12046a3496a92476020a1a0abf78b2a7db9ff4dc2036b8dd980203ae6",
                "sha256:320ffd3de9699d3892048baee45ebfbbf9388a7d65d832d7e580243ade426d2b",
                "sha256:50e3b9a464d5d08cc5227413db0d1c4707b6172e4d4d915c1c70e4de0bbff1f5",
                "sha256:5276db7ff62bb7b52f77f1f51ed58850e315154249aceb42e7f4c611f0f847ff",
                "sha256:61a6cf00dcb1a7f0c773ed4acc509cb636af2d6337a08f362413c76b2b47a8dd",
                "sha256:6ae6c4cb59f199d8827c5a07546b2ab7e85d262acaccaacd49b62f53f7c456f7",
                "sha256:7661d401d60d8bf15bb5da39e4dd72f5d764c5aff5a86ef52a042506e3e970ff",
                "sha256:7bd527f36a605c914efca5d3d014170b2cb184723e423d26b1fb2fd9108e264d",
                "sha256:7cb54db3535c8686ea12e9535eb087d32421184eacc6939ef15ef50f83a5e7e2",
                "sha256:7f3a2d740291f7f2c111d86a1c4851b70fb000a6c8883a59660d95ad57b9df35",
                "sha256:81304b7d8e9c824d058087dcb89144842c8e0dea6d281c031f59f0acf66963d4",
                "sha256:933947e8b4fbe617a51528b09851685138b49d511af0b6c0da2539115d6d4514",
                "sha256:94223d7f060301b3a8c09c9b3bc3294b56b2188e7d8179c762a1cda72c979252",
                "sha256:ab3ca49afcb47058393b0122428358d2fbe0408cf99f1b58b295cfeb4ed39109",
                "sha256:bd6292f565ca46dee4e737ebcc20742e3b5be2b01556dafe169f6c65d088875f",
                "sha256:cb924aa3e4a3fb644d0c463cad5bc2572649a6a3f68a7f8e4fbe44aaa6d77e4c",
                "sha256:d0fc7a286feac9077ec52a927fc9fe8fe2fabab95426722be4c953c9a8bede92",
                "sha256:ddc34786490a6e4ec0a855d401034cbd1242ef186c20d79d2166d6a4bd449577",
                "sha256:e34b155e36fa9da7e1b7c738ed7767fc9491a62ec6af70fe9da4a057759edc2d",
                "sha256:e5b9e8f6bda48460b7b143c3821b21b452cb3a835e6bbd5dd33aa0c8d3f5137d",
                "sha256:e81ebf6c5ee9684be8f2c87563880f93eedd56dd2b6146d8a725b50b7e5adb0f",
                "sha256:eb91be369f945f10d3a49f5f9be8b3d0b93a4c2be8f8a5b83b0571b8123e0a7a",
                "sha256:f460d1ceb0e4a5dcb2a652db0904224f367c9b3c1470d5a7683c0480e582468b"
            ],
            "index": "pypi",
            "version": "==1.3.1"
        },
        "mccabe": {
            "hashes": [
                "sha256:ab8a6258860da4b6677da4bd2fe5dc2c659cff31b3ee4f7f5d64e79735b80d42",
                "sha256:dd8d182285a0fe56bace7f45b5e7d1a6ebcbf524e8f3bd87eb0f125271b8831f"
            ],
            "index": "pypi",
            "version": "==0.6.1"
        },
        "olefile": {
            "hashes": [
                "sha256:61f2ca0cd0aa77279eb943c07f607438edf374096b66332fae1ee64a6f0f73ad"
            ],
            "index": "pypi",
            "version": "==0.44"
        },
        "pillow": {
            "hashes": [
                "sha256:00b6a5f28d00f720235a937ebc2f50f4292a5c7e2d6ab9a8b26153b625c4f431",
                "sha256:025208f835383f425e93d574842f9c5d28918cd4cdf632c1ce2e72ab80d8fcc8",
                "sha256:059a9b4e064b70e1396a3ae64781a91512f773cae548c24b12014616f723f22d",
                "sha256:17f7702f22729ffeb69f5226abf3261ef2d2eb73ab5854c1294daa3bdb5bdfb7",
                "sha256:20a3549d7a83e969eb900c726d54b34673efc1d0e3c9856b8227350f7e21d968",
                "sha256:24258e1875c8a9de1b176bf1873436397669440d1561b06b00eb270bffefcb42",
                "sha256:318b4404c8ca34cc1514d60de81ac4a0b0d11031a70341c2b7cd4fc01c914d89",
                "sha256:33a71986741227c8c085ee5929171cd4c9376b2eee189cdc7acc7d81e1a3ca84",
                "sha256:3499deb97561d6cc75de725fcf744491dd2d10d6213a29c4d62e3980e1522715",
                "sha256:3ad24690882b68599b9e6b25309000881eebcc731ca499f8dcc549fab006e4a3",
                "sha256:3c05df947656d8538dfb39fb8ddb9fe3594c9345911aa19f07e2ed0a8d148a6d",
                "sha256:48cdae5e5291d355fc215ede2ea93738e243c2467b11e41fa5010a76fd278fc5",
                "sha256:4b382c0ee6ac822673e1a57c2e9878d2ac4cd52038be097bac8535a2ee60ec0e",
                "sha256:6458293cf299f02f17f58a1ee4b91f77b8ce7a38bc0e757838767f1389479953",
                "sha256:8ef6627adfe9314b4132d4f5207563ba147e3977019ab1ca3f0b11b04c83c84f",
                "sha256:9c508bf0b2aadad4349f69aebe080977dbf0cd055cefc15793c4165851a96933",
                "sha256:9d7c0706cd86fc17643d78674cdac7f05590a2da1d71c42c2ebfb27df3889f17",
                "sha256:a2a873b54881c4cf4d8b37f3c426c2b8f797b341e3893650763a62252bda3922",
                "sha256:b79fc81352a3c907a1223499d790a4a7b77be342b794e19628046c4c95676356",
                "sha256:c040a047209edaf860ce6dd5b55de718e047144b26b0ee4198dd19907c128eac",
                "sha256:d71992826cfed66f5ad68364b2c6c3c1ab305294a642deae96ad77004981fb0f",
                "sha256:e467d0977997b43ca80b7af42de3d1cfa779988f6507965e6d4fb1a004e963a0",
                "sha256:ecf810b5019ce62846a9203bab82eb02bb9ed60e258b2fd89e2ca19a7010da46",
                "sha256:f4fb801bfd2bcbfc4a7f2819c95ea6a1cfef197420ae9849b01b08b9970a51b3",
                "sha256:f63404731fa5fa0c21d00af119b867e30208e3fc148c9b13fb6a541a8df203b2",
                "sha256:f8e8f3f20e32f73f81ec408061f7a81ada07d7b3fac0787bdd233b93e4ff7d9c",
                "sha256:fb3eaba16b6cf01f12860edccac40f98362bc17225575f3bcabb333d0b4ed6dc"
            ],
            "index": "pypi",
            "version": "==4.1.1"
        },
        "psycopg2": {
            "hashes": [
                "sha256:0147e990cef0332e239de711f165b2a5e6feb7c5f8583985d4a3dcac1680a782",
                "sha256:0c68fb507415ce022402244cffe740018c9506367fe2d6323f0b47e2544b6b36",
                "sha256:18c2294c2a0a0df6bb5adfbcae50922b0e75909df8642c9286bf6b867866d181",
                "sha256:26551d8873130b9558628c5f0288bd07b00c3f82f7dbfe0acf3cd7cd45746672",
                "sha256:2a9c4bc78922be9d34a11fc38b75bef122d44f465eaf5f2a44021f7cbda3dfd6",
                "sha256:304304e8efce4077621f9a14cb7e53cdacb4a14ec92f5628204bc4254d4840fb",
                "sha256:32184c60b445ac9eb4a0058d54f7a5dddae6928f94dfa3683157dc5e70321212",
                "sha256:34b7e41d1747b26df3baf5397949cc938261c547f3bce208ffc7826c3897d5ac",
                "sha256:38ff8f65deb947a7499f24ceb5b40db24540027fdf7d927f4d2aab35fbbdd6b0",
                "sha256:3a11a757e61e3eb5dfa334cf0ce86f9fa1919efadbb98af833eaf3bcb90d7e58",
                "sha256:3f64897312a08928e71343fedc2a3812a1c46f03025fe327e5d41e0a7be53ee9",
                "sha256:4004e84c2846badfa1e14ba3cf5b9d7471071c872c1dd6290013c89fa2cc63b1",
                "sha256:4cae3856e9b41a4861ad32fd8a4aabc7669a0b828776bb3ce0ca29333dabf40c",
                "sha256:6b26f9ec7a0c5ca1b3528918caeb3c73bfceaced3fdea59d045c886cc2c43344",
                "sha256:74ee532d6068a1456d5eda254513656c716cdee0a7389c91c094c7ce3500a9c9",
                "sha256:86c9355f5374b008c8479bc00023b295c07d508f7c3b91dbd2e74f8925b1d9c6",
                "sha256:8f57535a377c23a78d5a8bbe929ec6977adb3e137fa42500436c784c60141613",
                "sha256:905764e8d1557e536c9fac35d412a21ad87b558e794104437bf4012a83438ed2",
                "sha256:911af115bb526b3a5d2f50e05096afc05e3867f55f24532b4a70811e63deab57",
                "sha256:9c9fe11f87c44e83620b2273f40338e3c25fdbfd34986dddc77e840e0acd25bc",
                "sha256:9f9de8b5e1b0b648bf4535b721a58eaccf92f747cd8d94380171a36f18553601",
                "sha256:a14bd664f4db452612688e8031fdf74da489cb042d78d49f2bbfcfa97aae135d",
                "sha256:ad0e145952e2e91aa1d80c4b9bd8ba9059f39b3538da7b1133b2ed84eb132ed3",
                "sha256:b4f24faa25232073092d246fc6118c29130c8a5bcc8fd4239edeba20fb12b24a",
                "sha256:ba6f4786262b4999f9cca420827469c88a79e1f65dabf6bb8a300518f7e11472",
                "sha256:bf48be2d01f6e34e5fbd8976f7b66158a83a33b92739acd13fc1934c60b71cfb",
                "sha256:ccd55766033411206d700bcd11e064081f784f256c4d4f6883dca4c3bde21ae2",
                "sha256:d2e98ff1546c632c29f740a938ba6e29d327ef55f3e816dd43c1e4e7d8cd369a",
                "sha256:f04d56f664108af9571d278c0ed942ecef0dd3e072fe21ac8c7497a51bfcdfba",
                "sha256:f1f6d1b0ab40e8d43e294c7a1cc6fe6d47a88225583e581c15e8bfcff04b3863",
                "sha256:f4cc27830081147ebca6eb729329c64b7f8e92e415733aa26705dd9f03303038"
            ],
            "index": "pypi",
            "version": "==2.7.1"
        },
        "py-moneyed": {
            "hashes": [
                "sha256:0c5dc04f77f1e0a123df051cc6ddc79267a48c612cb2d3dcfe7eb88cfc395bf9",
                "sha256:f8c04183fd65d307a4b59f4a68332d3b9418d668b2a36cedd531f9cd1eb98933"
            ],
            "index": "pypi",
            "version": "==0.7.0"
        },
        "pylint": {
            "hashes": [
                "sha256:34ab1a62fbdd48059d082f5a52b7e719a39b757a53ecbf0b2b7169b9c6a2cc28",
                "sha256:c77311859e0c2d7932095f30d2b1bfdc4b6fe111f534450ba727a52eae330ef2"
            ],
            "index": "pypi",
            "version": "==1.8.3"
        },
        "pylint-django": {
            "hashes": [
                "sha256:681f5105c98c9a96ed10895ad346d132659a56c313181a9e2642f6fb5029f5f2",
                "sha256:d014c0a64996914f748cd7d803cce5e41496ca5898f3a69c54d4b600aa72f7de"
            ],
            "index": "pypi",
            "version": "==0.9.4"
        },
        "pylint-plugin-utils": {
            "hashes": [
                "sha256:053ade7c76f83242225b49d47624d9ecb803c60347e2c5127e97a19bf0c9f95e"
            ],
            "index": "pypi",
            "version": "==0.2.6"
        },
        "python-dateutil": {
            "hashes": [
                "sha256:891c38b2a02f5bb1be3e4793866c8df49c7d19baabf9c1bad62547e0b4866aca",
                "sha256:95511bae634d69bc7329ba55e646499a842bc4ec342ad54a8cdb65645a0aad3c"
            ],
            "index": "pypi",
            "version": "==2.6.1"
        },
        "python-decouple": {
            "hashes": [
                "sha256:1317df14b43efee4337a4aa02914bf004f010cd56d6c4bd894e6474ec8c4fe2d"
            ],
            "index": "pypi",
            "version": "==3.1"
        },
        "python-memcached": {
            "hashes": [
                "sha256:4dac64916871bd3550263323fc2ce18e1e439080a2d5670c594cf3118d99b594",
                "sha256:a2e28637be13ee0bf1a8b6843e7490f9456fd3f2a4cb60471733c7b5d5557e4f"
            ],
            "index": "pypi",
            "version": "==1.59"
        },
        "pytz": {
            "hashes": [
                "sha256:d1d6729c85acea5423671382868627129432fba9a89ecbb248d8d1c7a9f01c67",
                "sha256:f5c056e8f62d45ba8215e5cb8f50dfccb198b4b9fbea8500674f3443e4689589"
            ],
            "index": "pypi",
            "version": "==2017.2"
        },
        "pyyaml": {
            "hashes": [
                "sha256:02c78d77281d8f8d07a255e57abdbf43b02257f59f50cc6b636937d68efa5dd0",
                "sha256:0dc9f2eb2e3c97640928dec63fd8dc1dd91e6b6ed236bd5ac00332b99b5c2ff9",
                "sha256:124fd7c7bc1e95b1eafc60825f2daf67c73ce7b33f1194731240d24b0d1bf628",
                "sha256:26fcb33776857f4072601502d93e1a619f166c9c00befb52826e7b774efaa9db",
                "sha256:31ba07c54ef4a897758563e3a0fcc60077698df10180abe4b8165d9895c00ebf",
                "sha256:3c49e39ac034fd64fd576d63bb4db53cda89b362768a67f07749d55f128ac18a",
                "sha256:52bf0930903818e600ae6c2901f748bc4869c0c406056f679ab9614e5d21a166",
                "sha256:5a3f345acff76cad4aa9cb171ee76c590f37394186325d53d1aa25318b0d4a09",
                "sha256:5e7ac4e0e79a53451dc2814f6876c2fa6f71452de1498bbe29c0b54b69a986f4",
                "sha256:7242790ab6c20316b8e7bb545be48d7ed36e26bbe279fd56f2c4a12510e60b4b",
                "sha256:737bd70e454a284d456aa1fa71a0b429dd527bcbf52c5c33f7c8eee81ac16b89",
                "sha256:8635d53223b1f561b081ff4adecb828fd484b8efffe542edcfdff471997f7c39",
                "sha256:8b818b6c5a920cbe4203b5a6b14256f0e5244338244560da89b7b0f1313ea4b6",
                "sha256:8bf38641b4713d77da19e91f8b5296b832e4db87338d6aeffe422d42f1ca896d",
                "sha256:a36a48a51e5471513a5aea920cdad84cbd56d70a5057cca3499a637496ea379c",
                "sha256:b2243dd033fd02c01212ad5c601dafb44fbb293065f430b0d3dbf03f3254d615",
                "sha256:cc547d3ead3754712223abb7b403f0a184e4c3eae18c9bb7fd15adef1597cc4b",
                "sha256:cc552b6434b90d9dbed6a4f13339625dc466fd82597119897e9489c953acbc22",
                "sha256:f3790156c606299ff499ec44db422f66f05a7363b39eb9d5b064f17bd7d7c47b",
                "sha256:f7a21e3d99aa3095ef0553e7ceba36fb693998fbb1226f1392ce33681047465f",
                "sha256:fdc6b2cb4b19e431994f25a9160695cc59a4e861710cc6fc97161c5e845fc579"
            ],
            "index": "pypi",
            "version": "==5.4"
        },
        "s3transfer": {
            "hashes": [
                "sha256:10891b246296e0049071d56c32953af05cea614dca425a601e4c0be35990121e",
                "sha256:23c156ca4d64b022476c92c44bf938bef71af9ce0dcd8fd6585e7bce52f66e47"
            ],
            "index": "pypi",
            "version": "==0.1.12"
        },
        "six": {
            "hashes": [
                "sha256:70e8a77beed4562e7f14fe23a786b54f6296e34344c23bc42f07b15018ff98e9",
                "sha256:832dc0e10feb1aa2c68dcc57dbb658f1c7e65b9b61af69048abc87a2db00a0eb"
            ],
            "index": "pypi",
            "version": "==1.11.0"
        },
        "sqlparse": {
            "hashes": [
                "sha256:ce028444cfab83be538752a2ffdb56bc417b7784ff35bb9a3062413717807dec",
                "sha256:d9cf190f51cbb26da0412247dfe4fb5f4098edb73db84e02f9fc21fdca31fed4"
            ],
            "index": "pypi",
            "version": "==0.2.4"
        },
        "ua-parser": {
            "hashes": [
                "sha256:3908c19ea0abdcdfe7245366dc03e5b4a8901ec17105bd66ba2ccbe3948dce8a",
                "sha256:97bbcfc9321a3151d96bb5d62e54270247b0e3be0590a6f2ff12329851718dcb"
            ],
            "index": "pypi",
            "version": "==0.8.0"
        },
        "user-agents": {
            "hashes": [
                "sha256:0ce5b1b44c8d11b9f3d6152ef9c8a2109409273ef8de600d577f549a3a3cbc6c",
                "sha256:643d16772280052b546d956971d719989ef6dc9b17d9ff0386aa21391a038039"
            ],
            "index": "pypi",
            "version": "==1.1.0"
        },
        "whitenoise": {
            "hashes": [
                "sha256:15f43b2e701821b95c9016cf469d29e2a546cb1c7dead584ba82c36f843995cf",
                "sha256:9d81515f2b5b27051910996e1e860b1332e354d9e7bcf30c98f21dcb6713e0dd"
            ],
            "index": "pypi",
            "version": "==3.3.1"
        },
        "wrapt": {
            "hashes": [
                "sha256:d4d560d479f2c21e1b5443bbd15fe7ec4b37fe7e53d335d3b9b0a7b1226fe3c6"
            ],
            "index": "pypi",
            "version": "==1.10.11"
        }
    },
    "develop": {}
}
